
Microsoft Visual Studio Solution File, Format Version 12.00
# Visual Studio Version 16
VisualStudioVersion = 16.0.31515.178
MinimumVisualStudioVersion = 10.0.40219.1
Project("{FAE04EC0-301F-11D3-BF4B-00C04F79EFBC}") = "CodeTest", "CodeTest.csproj", "{80A9A8FC-55C5-45A4-9838-E9DD7C6C3705}"
EndProject
Project("{FAE04EC0-301F-11D3-BF4B-00C04F79EFBC}") = "DemoRabbitMQ", "..\rabitMQ\DemoRabbitMQ\DemoRabbitMQ.csproj", "{FF7B4F65-2D17-4A99-8873-D0DCCC3BB402}"
EndProject
Project("{FAE04EC0-301F-11D3-BF4B-00C04F79EFBC}") = "consuremerApplication", "..\consuremerApplication\consuremerApplication.csproj", "{C3B5C7B6-7A55-4541-BFCF-98B002C0450C}"
EndProject
Global
	GlobalSection(SolutionConfigurationPlatforms) = preSolution
		Debug|Any CPU = Debug|Any CPU
		Release|Any CPU = Release|Any CPU
	EndGlobalSection
	GlobalSection(ProjectConfigurationPlatforms) = postSolution
		{80A9A8FC-55C5-45A4-9838-E9DD7C6C3705}.Debug|Any CPU.ActiveCfg = Debug|Any CPU
		{80A9A8FC-55C5-45A4-9838-E9DD7C6C3705}.Debug|Any CPU.Build.0 = Debug|Any CPU
		{80A9A8FC-55C5-45A4-9838-E9DD7C6C3705}.Release|Any CPU.ActiveCfg = Release|Any CPU
		{80A9A8FC-55C5-45A4-9838-E9DD7C6C3705}.Release|Any CPU.Build.0 = Release|Any CPU
		{FF7B4F65-2D17-4A99-8873-D0DCCC3BB402}.Debug|Any CPU.ActiveCfg = Debug|Any CPU
		{FF7B4F65-2D17-4A99-8873-D0DCCC3BB402}.Debug|Any CPU.Build.0 = Debug|Any CPU
		{FF7B4F65-2D17-4A99-8873-D0DCCC3BB402}.Release|Any CPU.ActiveCfg = Release|Any CPU
		{FF7B4F65-2D17-4A99-8873-D0DCCC3BB402}.Release|Any CPU.Build.0 = Release|Any CPU
		{C3B5C7B6-7A55-4541-BFCF-98B002C0450C}.Debug|Any CPU.ActiveCfg = Debug|Any CPU
		{C3B5C7B6-7A55-4541-BFCF-98B002C0450C}.Debug|Any CPU.Build.0 = Debug|Any CPU
		{C3B5C7B6-7A55-4541-BFCF-98B002C0450C}.Release|Any CPU.ActiveCfg = Release|Any CPU
		{C3B5C7B6-7A55-4541-BFCF-98B002C0450C}.Release|Any CPU.Build.0 = Release|Any CPU
	EndGlobalSection
	GlobalSection(SolutionProperties) = preSolution
		HideSolutionNode = FALSE
	EndGlobalSection
	GlobalSection(ExtensibilityGlobals) = postSolution
		SolutionGuid = {47AE77F5-8007-473E-80E8-58B4777B351A}
	EndGlobalSection
EndGlobal
